
Microsoft Visual Studio Solution File, Format Version 12.00
# Visual Studio Version 17
VisualStudioVersion = 17.4.33213.308
MinimumVisualStudioVersion = 10.0.40219.1
Project("{FAE04EC0-301F-11D3-BF4B-00C04F79EFBC}") = "ExamCreatorOnline.Data", "ExamCreatorOnline.Data\ExamCreatorOnline.Data.csproj", "{6AE75139-CE06-4214-AC24-79567FA9AB75}"
EndProject
Global
	GlobalSection(SolutionConfigurationPlatforms) = preSolution
		Debug|Any CPU = Debug|Any CPU
		Release|Any CPU = Release|Any CPU
	EndGlobalSection
	GlobalSection(ProjectConfigurationPlatforms) = postSolution
		{6AE75139-CE06-4214-AC24-79567FA9AB75}.Debug|Any CPU.ActiveCfg = Debug|Any CPU
		{6AE75139-CE06-4214-AC24-79567FA9AB75}.Debug|Any CPU.Build.0 = Debug|Any CPU
		{6AE75139-CE06-4214-AC24-79567FA9AB75}.Release|Any CPU.ActiveCfg = Release|Any CPU
		{6AE75139-CE06-4214-AC24-79567FA9AB75}.Release|Any CPU.Build.0 = Release|Any CPU
	EndGlobalSection
	GlobalSection(SolutionProperties) = preSolution
		HideSolutionNode = FALSE
	EndGlobalSection
	GlobalSection(ExtensibilityGlobals) = postSolution
		SolutionGuid = {FB768B61-07E9-4E8F-94CB-41F7F22EA064}
	EndGlobalSection
EndGlobal
